
Microsoft Visual Studio Solution File, Format Version 12.00
# Visual Studio Version 17
VisualStudioVersion = 17.2.32526.322
MinimumVisualStudioVersion = 10.0.40219.1
Project("{FAE04EC0-301F-11D3-BF4B-00C04F79EFBC}") = "WpfApp1-test", "WpfApp1-test.csproj", "{510DB6DD-CF9B-4648-934E-766C02E609AD}"
EndProject
Global
	GlobalSection(SolutionConfigurationPlatforms) = preSolution
		Debug|Any CPU = Debug|Any CPU
		Release|Any CPU = Release|Any CPU
	EndGlobalSection
	GlobalSection(ProjectConfigurationPlatforms) = postSolution
		{510DB6DD-CF9B-4648-934E-766C02E609AD}.Debug|Any CPU.ActiveCfg = Debug|Any CPU
		{510DB6DD-CF9B-4648-934E-766C02E609AD}.Debug|Any CPU.Build.0 = Debug|Any CPU
		{510DB6DD-CF9B-4648-934E-766C02E609AD}.Release|Any CPU.ActiveCfg = Release|Any CPU
		{510DB6DD-CF9B-4648-934E-766C02E609AD}.Release|Any CPU.Build.0 = Release|Any CPU
	EndGlobalSection
	GlobalSection(SolutionProperties) = preSolution
		HideSolutionNode = FALSE
	EndGlobalSection
	GlobalSection(ExtensibilityGlobals) = postSolution
		SolutionGuid = {58441580-1852-4442-B6F4-336B75F81683}
	EndGlobalSection
EndGlobal
